
Microsoft Visual Studio Solution File, Format Version 12.00
# Visual Studio Version 16
VisualStudioVersion = 16.0.28729.10
MinimumVisualStudioVersion = 10.0.40219.1
Project("{FAE04EC0-301F-11D3-BF4B-00C04F79EFBC}") = "TraverseConstructorDependencyTree", "TraverseConstructorDependencyTree\TraverseConstructorDependencyTree.csproj", "{1EFB14C0-12A1-4BD1-A1F2-0A154FDAEA96}"
EndProject
Global
	GlobalSection(SolutionConfigurationPlatforms) = preSolution
		Debug|Any CPU = Debug|Any CPU
		Release|Any CPU = Release|Any CPU
	EndGlobalSection
	GlobalSection(ProjectConfigurationPlatforms) = postSolution
		{1EFB14C0-12A1-4BD1-A1F2-0A154FDAEA96}.Debug|Any CPU.ActiveCfg = Debug|Any CPU
		{1EFB14C0-12A1-4BD1-A1F2-0A154FDAEA96}.Debug|Any CPU.Build.0 = Debug|Any CPU
		{1EFB14C0-12A1-4BD1-A1F2-0A154FDAEA96}.Release|Any CPU.ActiveCfg = Release|Any CPU
		{1EFB14C0-12A1-4BD1-A1F2-0A154FDAEA96}.Release|Any CPU.Build.0 = Release|Any CPU
	EndGlobalSection
	GlobalSection(SolutionProperties) = preSolution
		HideSolutionNode = FALSE
	EndGlobalSection
	GlobalSection(ExtensibilityGlobals) = postSolution
		SolutionGuid = {4FDA55C1-A3A0-42B6-A6AC-6855584B804E}
	EndGlobalSection
EndGlobal
